// !$*UTF8*$!
{
	archiveVersion = 1;
	classes = {
	};
	objectVersion = 56;
	objects = {

/* Begin PBXBuildFile section */
		761DA38F2AC1647C00CC32B7 /* AppDelegate.swift in Sources */ = {isa = PBXBuildFile; fileRef = 761DA38E2AC1647C00CC32B7 /* AppDelegate.swift */; };
		761DA3912AC1647C00CC32B7 /* SceneDelegate.swift in Sources */ = {isa = PBXBuildFile; fileRef = 761DA3902AC1647C00CC32B7 /* SceneDelegate.swift */; };
		761DA3932AC1647C00CC32B7 /* ViewController.swift in Sources */ = {isa = PBXBuildFile; fileRef = 761DA3922AC1647C00CC32B7 /* ViewController.swift */; };
		761DA3962AC1647C00CC32B7 /* Main.storyboard in Resources */ = {isa = PBXBuildFile; fileRef = 761DA3942AC1647C00CC32B7 /* Main.storyboard */; };
		761DA3992AC1647C00CC32B7 /* HealthMonitor.xcdatamodeld in Sources */ = {isa = PBXBuildFile; fileRef = 761DA3972AC1647C00CC32B7 /* HealthMonitor.xcdatamodeld */; };
		761DA39B2AC1647E00CC32B7 /* Assets.xcassets in Resources */ = {isa = PBXBuildFile; fileRef = 761DA39A2AC1647E00CC32B7 /* Assets.xcassets */; };
		761DA39E2AC1647E00CC32B7 /* LaunchScreen.storyboard in Resources */ = {isa = PBXBuildFile; fileRef = 761DA39C2AC1647E00CC32B7 /* LaunchScreen.storyboard */; };
		761DA3A92AC1647E00CC32B7 /* HealthMonitorTests.swift in Sources */ = {isa = PBXBuildFile; fileRef = 761DA3A82AC1647E00CC32B7 /* HealthMonitorTests.swift */; };
		761DA3B32AC1647E00CC32B7 /* HealthMonitorUITests.swift in Sources */ = {isa = PBXBuildFile; fileRef = 761DA3B22AC1647E00CC32B7 /* HealthMonitorUITests.swift */; };
		761DA3B52AC1647E00CC32B7 /* HealthMonitorUITestsLaunchTests.swift in Sources */ = {isa = PBXBuildFile; fileRef = 761DA3B42AC1647E00CC32B7 /* HealthMonitorUITestsLaunchTests.swift */; };
		76D13B952AC1BDB2006AC5AB /* ResearchKit.framework in Frameworks */ = {isa = PBXBuildFile; fileRef = 76D13B922AC1BD57006AC5AB /* ResearchKit.framework */; };
		76D13B962AC1BDB2006AC5AB /* ResearchKit.framework in Embed Frameworks */ = {isa = PBXBuildFile; fileRef = 76D13B922AC1BD57006AC5AB /* ResearchKit.framework */; settings = {ATTRIBUTES = (CodeSignOnCopy, RemoveHeadersOnCopy, ); }; };
		76D13B982AC1C5EB006AC5AB /* ConsentDocument.swift in Sources */ = {isa = PBXBuildFile; fileRef = 76D13B972AC1C5EB006AC5AB /* ConsentDocument.swift */; };
/* End PBXBuildFile section */

/* Begin PBXContainerItemProxy section */
		761DA3A52AC1647E00CC32B7 /* PBXContainerItemProxy */ = {
			isa = PBXContainerItemProxy;
			containerPortal = 761DA3832AC1647C00CC32B7 /* Project object */;
			proxyType = 1;
			remoteGlobalIDString = 761DA38A2AC1647C00CC32B7;
			remoteInfo = HealthMonitor;
		};
		761DA3AF2AC1647E00CC32B7 /* PBXContainerItemProxy */ = {
			isa = PBXContainerItemProxy;
			containerPortal = 761DA3832AC1647C00CC32B7 /* Project object */;
			proxyType = 1;
			remoteGlobalIDString = 761DA38A2AC1647C00CC32B7;
			remoteInfo = HealthMonitor;
		};
		76D13B912AC1BD57006AC5AB /* PBXContainerItemProxy */ = {
			isa = PBXContainerItemProxy;
			containerPortal = 76D13B8B2AC1BD57006AC5AB /* ResearchKit.xcodeproj */;
			proxyType = 2;
			remoteGlobalIDString = B183A5951A8535D100C76870;
			remoteInfo = ResearchKit;
		};
		76D13B932AC1BD57006AC5AB /* PBXContainerItemProxy */ = {
			isa = PBXContainerItemProxy;
			containerPortal = 76D13B8B2AC1BD57006AC5AB /* ResearchKit.xcodeproj */;
			proxyType = 2;
			remoteGlobalIDString = 86CC8E9A1AC09332001CCD89;
			remoteInfo = ResearchKitTests;
		};
/* End PBXContainerItemProxy section */

/* Begin PBXCopyFilesBuildPhase section */
		761DA3CE2AC18B4E00CC32B7 /* Embed Frameworks */ = {
			isa = PBXCopyFilesBuildPhase;
			buildActionMask = 2147483647;
			dstPath = "";
			dstSubfolderSpec = 10;
			files = (
				76D13B962AC1BDB2006AC5AB /* ResearchKit.framework in Embed Frameworks */,
			);
			name = "Embed Frameworks";
			runOnlyForDeploymentPostprocessing = 0;
		};
/* End PBXCopyFilesBuildPhase section */

/* Begin PBXFileReference section */
		761DA38B2AC1647C00CC32B7 /* HealthMonitor.app */ = {isa = PBXFileReference; explicitFileType = wrapper.application; includeInIndex = 0; path = HealthMonitor.app; sourceTree = BUILT_PRODUCTS_DIR; };
		761DA38E2AC1647C00CC32B7 /* AppDelegate.swift */ = {isa = PBXFileReference; lastKnownFileType = sourcecode.swift; path = AppDelegate.swift; sourceTree = "<group>"; };
		761DA3902AC1647C00CC32B7 /* SceneDelegate.swift */ = {isa = PBXFileReference; lastKnownFileType = sourcecode.swift; path = SceneDelegate.swift; sourceTree = "<group>"; };
		761DA3922AC1647C00CC32B7 /* ViewController.swift */ = {isa = PBXFileReference; lastKnownFileType = sourcecode.swift; path = ViewController.swift; sourceTree = "<group>"; };
		761DA3952AC1647C00CC32B7 /* Base */ = {isa = PBXFileReference; lastKnownFileType = file.storyboard; name = Base; path = Base.lproj/Main.storyboard; sourceTree = "<group>"; };
		761DA3982AC1647C00CC32B7 /* HealthMonitor.xcdatamodel */ = {isa = PBXFileReference; lastKnownFileType = wrapper.xcdatamodel; path = HealthMonitor.xcdatamodel; sourceTree = "<group>"; };
		761DA39A2AC1647E00CC32B7 /* Assets.xcassets */ = {isa = PBXFileReference; lastKnownFileType = folder.assetcatalog; path = Assets.xcassets; sourceTree = "<group>"; };
		761DA39D2AC1647E00CC32B7 /* Base */ = {isa = PBXFileReference; lastKnownFileType = file.storyboard; name = Base; path = Base.lproj/LaunchScreen.storyboard; sourceTree = "<group>"; };
		761DA39F2AC1647E00CC32B7 /* Info.plist */ = {isa = PBXFileReference; lastKnownFileType = text.plist.xml; path = Info.plist; sourceTree = "<group>"; };
		761DA3A42AC1647E00CC32B7 /* HealthMonitorTests.xctest */ = {isa = PBXFileReference; explicitFileType = wrapper.cfbundle; includeInIndex = 0; path = HealthMonitorTests.xctest; sourceTree = BUILT_PRODUCTS_DIR; };
		761DA3A82AC1647E00CC32B7 /* HealthMonitorTests.swift */ = {isa = PBXFileReference; lastKnownFileType = sourcecode.swift; path = HealthMonitorTests.swift; sourceTree = "<group>"; };
		761DA3AE2AC1647E00CC32B7 /* HealthMonitorUITests.xctest */ = {isa = PBXFileReference; explicitFileType = wrapper.cfbundle; includeInIndex = 0; path = HealthMonitorUITests.xctest; sourceTree = BUILT_PRODUCTS_DIR; };
		761DA3B22AC1647E00CC32B7 /* HealthMonitorUITests.swift */ = {isa = PBXFileReference; lastKnownFileType = sourcecode.swift; path = HealthMonitorUITests.swift; sourceTree = "<group>"; };
		761DA3B42AC1647E00CC32B7 /* HealthMonitorUITestsLaunchTests.swift */ = {isa = PBXFileReference; lastKnownFileType = sourcecode.swift; path = HealthMonitorUITestsLaunchTests.swift; sourceTree = "<group>"; };
		76D13B8B2AC1BD57006AC5AB /* ResearchKit.xcodeproj */ = {isa = PBXFileReference; lastKnownFileType = "wrapper.pb-project"; name = ResearchKit.xcodeproj; path = "../../../Downloads/ResearchKit-main/ResearchKit.xcodeproj"; sourceTree = "<group>"; };
		76D13B972AC1C5EB006AC5AB /* ConsentDocument.swift */ = {isa = PBXFileReference; lastKnownFileType = sourcecode.swift; path = ConsentDocument.swift; sourceTree = "<group>"; };
		76D13B992AC29F17006AC5AB /* HealthMonitor.entitlements */ = {isa = PBXFileReference; lastKnownFileType = text.plist.entitlements; path = HealthMonitor.entitlements; sourceTree = "<group>"; };
/* End PBXFileReference section */

/* Begin PBXFrameworksBuildPhase section */
		761DA3882AC1647C00CC32B7 /* Frameworks */ = {
			isa = PBXFrameworksBuildPhase;
			buildActionMask = 2147483647;
			files = (
				76D13B952AC1BDB2006AC5AB /* ResearchKit.framework in Frameworks */,
			);
			runOnlyForDeploymentPostprocessing = 0;
		};
		761DA3A12AC1647E00CC32B7 /* Frameworks */ = {
			isa = PBXFrameworksBuildPhase;
			buildActionMask = 2147483647;
			files = (
			);
			runOnlyForDeploymentPostprocessing = 0;
		};
		761DA3AB2AC1647E00CC32B7 /* Frameworks */ = {
			isa = PBXFrameworksBuildPhase;
			buildActionMask = 2147483647;
			files = (
			);
			runOnlyForDeploymentPostprocessing = 0;
		};
/* End PBXFrameworksBuildPhase section */

/* Begin PBXGroup section */
		761DA3822AC1647C00CC32B7 = {
			isa = PBXGroup;
			children = (
				76D13B8B2AC1BD57006AC5AB /* ResearchKit.xcodeproj */,
				761DA38D2AC1647C00CC32B7 /* HealthMonitor */,
				761DA3A72AC1647E00CC32B7 /* HealthMonitorTests */,
				761DA3B12AC1647E00CC32B7 /* HealthMonitorUITests */,
				761DA38C2AC1647C00CC32B7 /* Products */,
				761DA3CB2AC18B4E00CC32B7 /* Frameworks */,
			);
			sourceTree = "<group>";
		};
		761DA38C2AC1647C00CC32B7 /* Products */ = {
			isa = PBXGroup;
			children = (
				761DA38B2AC1647C00CC32B7 /* HealthMonitor.app */,
				761DA3A42AC1647E00CC32B7 /* HealthMonitorTests.xctest */,
				761DA3AE2AC1647E00CC32B7 /* HealthMonitorUITests.xctest */,
			);
			name = Products;
			sourceTree = "<group>";
		};
		761DA38D2AC1647C00CC32B7 /* HealthMonitor */ = {
			isa = PBXGroup;
			children = (
				76D13B992AC29F17006AC5AB /* HealthMonitor.entitlements */,
				761DA38E2AC1647C00CC32B7 /* AppDelegate.swift */,
				761DA3902AC1647C00CC32B7 /* SceneDelegate.swift */,
				761DA3922AC1647C00CC32B7 /* ViewController.swift */,
				761DA3942AC1647C00CC32B7 /* Main.storyboard */,
				761DA39A2AC1647E00CC32B7 /* Assets.xcassets */,
				76D13B972AC1C5EB006AC5AB /* ConsentDocument.swift */,
				761DA39C2AC1647E00CC32B7 /* LaunchScreen.storyboard */,
				761DA39F2AC1647E00CC32B7 /* Info.plist */,
				761DA3972AC1647C00CC32B7 /* HealthMonitor.xcdatamodeld */,
			);
			path = HealthMonitor;
			sourceTree = "<group>";
		};
		761DA3A72AC1647E00CC32B7 /* HealthMonitorTests */ = {
			isa = PBXGroup;
			children = (
				761DA3A82AC1647E00CC32B7 /* HealthMonitorTests.swift */,
			);
			path = HealthMonitorTests;
			sourceTree = "<group>";
		};
		761DA3B12AC1647E00CC32B7 /* HealthMonitorUITests */ = {
			isa = PBXGroup;
			children = (
				761DA3B22AC1647E00CC32B7 /* HealthMonitorUITests.swift */,
				761DA3B42AC1647E00CC32B7 /* HealthMonitorUITestsLaunchTests.swift */,
			);
			path = HealthMonitorUITests;
			sourceTree = "<group>";
		};
		761DA3CB2AC18B4E00CC32B7 /* Frameworks */ = {
			isa = PBXGroup;
			children = (
			);
			name = Frameworks;
			sourceTree = "<group>";
		};
		76D13B8C2AC1BD57006AC5AB /* Products */ = {
			isa = PBXGroup;
			children = (
				76D13B922AC1BD57006AC5AB /* ResearchKit.framework */,
				76D13B942AC1BD57006AC5AB /* ResearchKitTests.xctest */,
			);
			name = Products;
			sourceTree = "<group>";
		};
/* End PBXGroup section */

/* Begin PBXNativeTarget section */
		761DA38A2AC1647C00CC32B7 /* HealthMonitor */ = {
			isa = PBXNativeTarget;
			buildConfigurationList = 761DA3B82AC1647E00CC32B7 /* Build configuration list for PBXNativeTarget "HealthMonitor" */;
			buildPhases = (
				761DA3872AC1647C00CC32B7 /* Sources */,
				761DA3882AC1647C00CC32B7 /* Frameworks */,
				761DA3892AC1647C00CC32B7 /* Resources */,
				761DA3CE2AC18B4E00CC32B7 /* Embed Frameworks */,
			);
			buildRules = (
			);
			dependencies = (
			);
			name = HealthMonitor;
			productName = HealthMonitor;
			productReference = 761DA38B2AC1647C00CC32B7 /* HealthMonitor.app */;
			productType = "com.apple.product-type.application";
		};
		761DA3A32AC1647E00CC32B7 /* HealthMonitorTests */ = {
			isa = PBXNativeTarget;
			buildConfigurationList = 761DA3BB2AC1647E00CC32B7 /* Build configuration list for PBXNativeTarget "HealthMonitorTests" */;
			buildPhases = (
				761DA3A02AC1647E00CC32B7 /* Sources */,
				761DA3A12AC1647E00CC32B7 /* Frameworks */,
				761DA3A22AC1647E00CC32B7 /* Resources */,
			);
			buildRules = (
			);
			dependencies = (
				761DA3A62AC1647E00CC32B7 /* PBXTargetDependency */,
			);
			name = HealthMonitorTests;
			productName = HealthMonitorTests;
			productReference = 761DA3A42AC1647E00CC32B7 /* HealthMonitorTests.xctest */;
			productType = "com.apple.product-type.bundle.unit-test";
		};
		761DA3AD2AC1647E00CC32B7 /* HealthMonitorUITests */ = {
			isa = PBXNativeTarget;
			buildConfigurationList = 761DA3BE2AC1647E00CC32B7 /* Build configuration list for PBXNativeTarget "HealthMonitorUITests" */;
			buildPhases = (
				761DA3AA2AC1647E00CC32B7 /* Sources */,
				761DA3AB2AC1647E00CC32B7 /* Frameworks */,
				761DA3AC2AC1647E00CC32B7 /* Resources */,
			);
			buildRules = (
			);
			dependencies = (
				761DA3B02AC1647E00CC32B7 /* PBXTargetDependency */,
			);
			name = HealthMonitorUITests;
			productName = HealthMonitorUITests;
			productReference = 761DA3AE2AC1647E00CC32B7 /* HealthMonitorUITests.xctest */;
			productType = "com.apple.product-type.bundle.ui-testing";
		};
/* End PBXNativeTarget section */

/* Begin PBXProject section */
		761DA3832AC1647C00CC32B7 /* Project object */ = {
			isa = PBXProject;
			attributes = {
				BuildIndependentTargetsInParallel = 1;
				LastSwiftUpdateCheck = 1500;
				LastUpgradeCheck = 1500;
				TargetAttributes = {
					761DA38A2AC1647C00CC32B7 = {
						CreatedOnToolsVersion = 15.0;
					};
					761DA3A32AC1647E00CC32B7 = {
						CreatedOnToolsVersion = 15.0;
						TestTargetID = 761DA38A2AC1647C00CC32B7;
					};
					761DA3AD2AC1647E00CC32B7 = {
						CreatedOnToolsVersion = 15.0;
						TestTargetID = 761DA38A2AC1647C00CC32B7;
					};
				};
			};
			buildConfigurationList = 761DA3862AC1647C00CC32B7 /* Build configuration list for PBXProject "HealthMonitor" */;
			compatibilityVersion = "Xcode 14.0";
			developmentRegion = en;
			hasScannedForEncodings = 0;
			knownRegions = (
				en,
				Base,
			);
			mainGroup = 761DA3822AC1647C00CC32B7;
			productRefGroup = 761DA38C2AC1647C00CC32B7 /* Products */;
			projectDirPath = "";
			projectReferences = (
				{
					ProductGroup = 76D13B8C2AC1BD57006AC5AB /* Products */;
					ProjectRef = 76D13B8B2AC1BD57006AC5AB /* ResearchKit.xcodeproj */;
				},
			);
			projectRoot = "";
			targets = (
				761DA38A2AC1647C00CC32B7 /* HealthMonitor */,
				761DA3A32AC1647E00CC32B7 /* HealthMonitorTests */,
				761DA3AD2AC1647E00CC32B7 /* HealthMonitorUITests */,
			);
		};
/* End PBXProject section */

/* Begin PBXReferenceProxy section */
		76D13B922AC1BD57006AC5AB /* ResearchKit.framework */ = {
			isa = PBXReferenceProxy;
			fileType = wrapper.framework;
			path = ResearchKit.framework;
			remoteRef = 76D13B912AC1BD57006AC5AB /* PBXContainerItemProxy */;
			sourceTree = BUILT_PRODUCTS_DIR;
		};
		76D13B942AC1BD57006AC5AB /* ResearchKitTests.xctest */ = {
			isa = PBXReferenceProxy;
			fileType = wrapper.cfbundle;
			path = ResearchKitTests.xctest;
			remoteRef = 76D13B932AC1BD57006AC5AB /* PBXContainerItemProxy */;
			sourceTree = BUILT_PRODUCTS_DIR;
		};
/* End PBXReferenceProxy section */

/* Begin PBXResourcesBuildPhase section */
		761DA3892AC1647C00CC32B7 /* Resources */ = {
			isa = PBXResourcesBuildPhase;
			buildActionMask = 2147483647;
			files = (
				761DA39E2AC1647E00CC32B7 /* LaunchScreen.storyboard in Resources */,
				761DA39B2AC1647E00CC32B7 /* Assets.xcassets in Resources */,
				761DA3962AC1647C00CC32B7 /* Main.storyboard in Resources */,
			);
			runOnlyForDeploymentPostprocessing = 0;
		};
		761DA3A22AC1647E00CC32B7 /* Resources */ = {
			isa = PBXResourcesBuildPhase;
			buildActionMask = 2147483647;
			files = (
			);
			runOnlyForDeploymentPostprocessing = 0;
		};
		761DA3AC2AC1647E00CC32B7 /* Resources */ = {
			isa = PBXResourcesBuildPhase;
			buildActionMask = 2147483647;
			files = (
			);
			runOnlyForDeploymentPostprocessing = 0;
		};
/* End PBXResourcesBuildPhase section */

/* Begin PBXSourcesBuildPhase section */
		761DA3872AC1647C00CC32B7 /* Sources */ = {
			isa = PBXSourcesBuildPhase;
			buildActionMask = 2147483647;
			files = (
				761DA3992AC1647C00CC32B7 /* HealthMonitor.xcdatamodeld in Sources */,
				761DA3932AC1647C00CC32B7 /* ViewController.swift in Sources */,
				761DA38F2AC1647C00CC32B7 /* AppDelegate.swift in Sources */,
				761DA3912AC1647C00CC32B7 /* SceneDelegate.swift in Sources */,
				76D13B982AC1C5EB006AC5AB /* ConsentDocument.swift in Sources */,
			);
			runOnlyForDeploymentPostprocessing = 0;
		};
		761DA3A02AC1647E00CC32B7 /* Sources */ = {
			isa = PBXSourcesBuildPhase;
			buildActionMask = 2147483647;
			files = (
				761DA3A92AC1647E00CC32B7 /* HealthMonitorTests.swift in Sources */,
			);
			runOnlyForDeploymentPostprocessing = 0;
		};
		761DA3AA2AC1647E00CC32B7 /* Sources */ = {
			isa = PBXSourcesBuildPhase;
			buildActionMask = 2147483647;
			files = (
				761DA3B32AC1647E00CC32B7 /* HealthMonitorUITests.swift in Sources */,
				761DA3B52AC1647E00CC32B7 /* HealthMonitorUITestsLaunchTests.swift in Sources */,
			);
			runOnlyForDeploymentPostprocessing = 0;
		};
/* End PBXSourcesBuildPhase section */

/* Begin PBXTargetDependency section */
		761DA3A62AC1647E00CC32B7 /* PBXTargetDependency */ = {
			isa = PBXTargetDependency;
			target = 761DA38A2AC1647C00CC32B7 /* HealthMonitor */;
			targetProxy = 761DA3A52AC1647E00CC32B7 /* PBXContainerItemProxy */;
		};
		761DA3B02AC1647E00CC32B7 /* PBXTargetDependency */ = {
			isa = PBXTargetDependency;
			target = 761DA38A2AC1647C00CC32B7 /* HealthMonitor */;
			targetProxy = 761DA3AF2AC1647E00CC32B7 /* PBXContainerItemProxy */;
		};
/* End PBXTargetDependency section */

/* Begin PBXVariantGroup section */
		761DA3942AC1647C00CC32B7 /* Main.storyboard */ = {
			isa = PBXVariantGroup;
			children = (
				761DA3952AC1647C00CC32B7 /* Base */,
			);
			name = Main.storyboard;
			sourceTree = "<group>";
		};
		761DA39C2AC1647E00CC32B7 /* LaunchScreen.storyboard */ = {
			isa = PBXVariantGroup;
			children = (
				761DA39D2AC1647E00CC32B7 /* Base */,
			);
			name = LaunchScreen.storyboard;
			sourceTree = "<group>";
		};
/* End PBXVariantGroup section */

/* Begin XCBuildConfiguration section */
		761DA3B62AC1647E00CC32B7 /* Debug */ = {
			isa = XCBuildConfiguration;
			buildSettings = {
				ALWAYS_SEARCH_USER_PATHS = NO;
				ASSETCATALOG_COMPILER_GENERATE_SWIFT_ASSET_SYMBOL_EXTENSIONS = YES;
				CLANG_ANALYZER_NONNULL = YES;
				CLANG_ANALYZER_NUMBER_OBJECT_CONVERSION = YES_AGGRESSIVE;
				CLANG_CXX_LANGUAGE_STANDARD = "gnu++20";
				CLANG_ENABLE_MODULES = YES;
				CLANG_ENABLE_OBJC_ARC = YES;
				CLANG_ENABLE_OBJC_WEAK = YES;
				CLANG_WARN_BLOCK_CAPTURE_AUTORELEASING = YES;
				CLANG_WARN_BOOL_CONVERSION = YES;
				CLANG_WARN_COMMA = YES;
				CLANG_WARN_CONSTANT_CONVERSION = YES;
				CLANG_WARN_DEPRECATED_OBJC_IMPLEMENTATIONS = YES;
				CLANG_WARN_DIRECT_OBJC_ISA_USAGE = YES_ERROR;
				CLANG_WARN_DOCUMENTATION_COMMENTS = YES;
				CLANG_WARN_EMPTY_BODY = YES;
				CLANG_WARN_ENUM_CONVERSION = YES;
				CLANG_WARN_INFINITE_RECURSION = YES;
				CLANG_WARN_INT_CONVERSION = YES;
				CLANG_WARN_NON_LITERAL_NULL_CONVERSION = YES;
				CLANG_WARN_OBJC_IMPLICIT_RETAIN_SELF = YES;
				CLANG_WARN_OBJC_LITERAL_CONVERSION = YES;
				CLANG_WARN_OBJC_ROOT_CLASS = YES_ERROR;
				CLANG_WARN_QUOTED_INCLUDE_IN_FRAMEWORK_HEADER = YES;
				CLANG_WARN_RANGE_LOOP_ANALYSIS = YES;
				CLANG_WARN_STRICT_PROTOTYPES = YES;
				CLANG_WARN_SUSPICIOUS_MOVE = YES;
				CLANG_WARN_UNGUARDED_AVAILABILITY = YES_AGGRESSIVE;
				CLANG_WARN_UNREACHABLE_CODE = YES;
				CLANG_WARN__DUPLICATE_METHOD_MATCH = YES;
				COPY_PHASE_STRIP = NO;
				DEBUG_INFORMATION_FORMAT = dwarf;
				ENABLE_STRICT_OBJC_MSGSEND = YES;
				ENABLE_TESTABILITY = YES;
				ENABLE_USER_SCRIPT_SANDBOXING = YES;
				GCC_C_LANGUAGE_STANDARD = gnu17;
				GCC_DYNAMIC_NO_PIC = NO;
				GCC_NO_COMMON_BLOCKS = YES;
				GCC_OPTIMIZATION_LEVEL = 0;
				GCC_PREPROCESSOR_DEFINITIONS = (
					"DEBUG=1",
					"$(inherited)",
				);
				GCC_WARN_64_TO_32_BIT_CONVERSION = YES;
				GCC_WARN_ABOUT_RETURN_TYPE = YES_ERROR;
				GCC_WARN_UNDECLARED_SELECTOR = YES;
				GCC_WARN_UNINITIALIZED_AUTOS = YES_AGGRESSIVE;
				GCC_WARN_UNUSED_FUNCTION = YES;
				GCC_WARN_UNUSED_VARIABLE = YES;
				IPHONEOS_DEPLOYMENT_TARGET = 17.0;
				LOCALIZATION_PREFERS_STRING_CATALOGS = YES;
				MTL_ENABLE_DEBUG_INFO = INCLUDE_SOURCE;
				MTL_FAST_MATH = YES;
				ONLY_ACTIVE_ARCH = YES;
				SDKROOT = iphoneos;
				SWIFT_ACTIVE_COMPILATION_CONDITIONS = "DEBUG $(inherited)";
				SWIFT_OPTIMIZATION_LEVEL = "-Onone";
			};
			name = Debug;
		};
		761DA3B72AC1647E00CC32B7 /* Release */ = {
			isa = XCBuildConfiguration;
			buildSettings = {
				ALWAYS_SEARCH_USER_PATHS = NO;
				ASSETCATALOG_COMPILER_GENERATE_SWIFT_ASSET_SYMBOL_EXTENSIONS = YES;
				CLANG_ANALYZER_NONNULL = YES;
				CLANG_ANALYZER_NUMBER_OBJECT_CONVERSION = YES_AGGRESSIVE;
				CLANG_CXX_LANGUAGE_STANDARD = "gnu++20";
				CLANG_ENABLE_MODULES = YES;
				CLANG_ENABLE_OBJC_ARC = YES;
				CLANG_ENABLE_OBJC_WEAK = YES;
				CLANG_WARN_BLOCK_CAPTURE_AUTORELEASING = YES;
				CLANG_WARN_BOOL_CONVERSION = YES;
				CLANG_WARN_COMMA = YES;
				CLANG_WARN_CONSTANT_CONVERSION = YES;
				CLANG_WARN_DEPRECATED_OBJC_IMPLEMENTATIONS = YES;
				CLANG_WARN_DIRECT_OBJC_ISA_USAGE = YES_ERROR;
				CLANG_WARN_DOCUMENTATION_COMMENTS = YES;
				CLANG_WARN_EMPTY_BODY = YES;
				CLANG_WARN_ENUM_CONVERSION = YES;
				CLANG_WARN_INFINITE_RECURSION = YES;
				CLANG_WARN_INT_CONVERSION = YES;
				CLANG_WARN_NON_LITERAL_NULL_CONVERSION = YES;
				CLANG_WARN_OBJC_IMPLICIT_RETAIN_SELF = YES;
				CLANG_WARN_OBJC_LITERAL_CONVERSION = YES;
				CLANG_WARN_OBJC_ROOT_CLASS = YES_ERROR;
				CLANG_WARN_QUOTED_INCLUDE_IN_FRAMEWORK_HEADER = YES;
				CLANG_WARN_RANGE_LOOP_ANALYSIS = YES;
				CLANG_WARN_STRICT_PROTOTYPES = YES;
				CLANG_WARN_SUSPICIOUS_MOVE = YES;
				CLANG_WARN_UNGUARDED_AVAILABILITY = YES_AGGRESSIVE;
				CLANG_WARN_UNREACHABLE_CODE = YES;
				CLANG_WARN__DUPLICATE_METHOD_MATCH = YES;
				COPY_PHASE_STRIP = NO;
				DEBUG_INFORMATION_FORMAT = "dwarf-with-dsym";
				ENABLE_NS_ASSERTIONS = NO;
				ENABLE_STRICT_OBJC_MSGSEND = YES;
				ENABLE_USER_SCRIPT_SANDBOXING = YES;
				GCC_C_LANGUAGE_STANDARD = gnu17;
				GCC_NO_COMMON_BLOCKS = YES;
				GCC_WARN_64_TO_32_BIT_CONVERSION = YES;
				GCC_WARN_ABOUT_RETURN_TYPE = YES_ERROR;
				GCC_WARN_UNDECLARED_SELECTOR = YES;
				GCC_WARN_UNINITIALIZED_AUTOS = YES_AGGRESSIVE;
				GCC_WARN_UNUSED_FUNCTION = YES;
				GCC_WARN_UNUSED_VARIABLE = YES;
				IPHONEOS_DEPLOYMENT_TARGET = 17.0;
				LOCALIZATION_PREFERS_STRING_CATALOGS = YES;
				MTL_ENABLE_DEBUG_INFO = NO;
				MTL_FAST_MATH = YES;
				SDKROOT = iphoneos;
				SWIFT_COMPILATION_MODE = wholemodule;
				VALIDATE_PRODUCT = YES;
			};
			name = Release;
		};
		761DA3B92AC1647E00CC32B7 /* Debug */ = {
			isa = XCBuildConfiguration;
			buildSettings = {
				ASSETCATALOG_COMPILER_APPICON_NAME = AppIcon;
				ASSETCATALOG_COMPILER_GLOBAL_ACCENT_COLOR_NAME = AccentColor;
				CODE_SIGN_ENTITLEMENTS = HealthMonitor/HealthMonitor.entitlements;
				CODE_SIGN_STYLE = Automatic;
				CURRENT_PROJECT_VERSION = 1;
				GENERATE_INFOPLIST_FILE = YES;
				INFOPLIST_FILE = HealthMonitor/Info.plist;
				INFOPLIST_KEY_UIApplicationSupportsIndirectInputEvents = YES;
				INFOPLIST_KEY_UILaunchStoryboardName = LaunchScreen;
				INFOPLIST_KEY_UIMainStoryboardFile = Main;
				INFOPLIST_KEY_UISupportedInterfaceOrientations_iPad = "UIInterfaceOrientationPortrait UIInterfaceOrientationPortraitUpsideDown UIInterfaceOrientationLandscapeLeft UIInterfaceOrientationLandscapeRight";
				INFOPLIST_KEY_UISupportedInterfaceOrientations_iPhone = "UIInterfaceOrientationPortrait UIInterfaceOrientationLandscapeLeft UIInterfaceOrientationLandscapeRight";
				LD_RUNPATH_SEARCH_PATHS = (
					"$(inherited)",
					"@executable_path/Frameworks",
				);
				MARKETING_VERSION = 1.0;
				PRODUCT_BUNDLE_IDENTIFIER = UoA.HealthMonitor;
				PRODUCT_NAME = "$(TARGET_NAME)";
				SWIFT_EMIT_LOC_STRINGS = YES;
				SWIFT_VERSION = 5.0;
				TARGETED_DEVICE_FAMILY = "1,2";
			};
			name = Debug;
		};
		761DA3BA2AC1647E00CC32B7 /* Release */ = {
			isa = XCBuildConfiguration;
			buildSettings = {
				ASSETCATALOG_COMPILER_APPICON_NAME = AppIcon;
				ASSETCATALOG_COMPILER_GLOBAL_ACCENT_COLOR_NAME = AccentColor;
				CODE_SIGN_ENTITLEMENTS = HealthMonitor/HealthMonitor.entitlements;
				CODE_SIGN_STYLE = Automatic;
				CURRENT_PROJECT_VERSION = 1;
				GENERATE_INFOPLIST_FILE = YES;
				INFOPLIST_FILE = HealthMonitor/Info.plist;
				INFOPLIST_KEY_UIApplicationSupportsIndirectInputEvents = YES;
				INFOPLIST_KEY_UILaunchStoryboardName = LaunchScreen;
				INFOPLIST_KEY_UIMainStoryboardFile = Main;
				INFOPLIST_KEY_UISupportedInterfaceOrientations_iPad = "UIInterfaceOrientationPortrait UIInterfaceOrientationPortraitUpsideDown UIInterfaceOrientationLandscapeLeft UIInterfaceOrientationLandscapeRight";
				INFOPLIST_KEY_UISupportedInterfaceOrientations_iPhone = "UIInterfaceOrientationPortrait UIInterfaceOrientationLandscapeLeft UIInterfaceOrientationLandscapeRight";
				LD_RUNPATH_SEARCH_PATHS = (
					"$(inherited)",
					"@executable_path/Frameworks",
				);
				MARKETING_VERSION = 1.0;
				PRODUCT_BUNDLE_IDENTIFIER = UoA.HealthMonitor;
				PRODUCT_NAME = "$(TARGET_NAME)";
				SWIFT_EMIT_LOC_STRINGS = YES;
				SWIFT_VERSION = 5.0;
				TARGETED_DEVICE_FAMILY = "1,2";
			};
			name = Release;
		};
		761DA3BC2AC1647E00CC32B7 /* Debug */ = {
			isa = XCBuildConfiguration;
			buildSettings = {
				ALWAYS_EMBED_SWIFT_STANDARD_LIBRARIES = YES;
				BUNDLE_LOADER = "$(TEST_HOST)";
				CODE_SIGN_STYLE = Automatic;
				CURRENT_PROJECT_VERSION = 1;
				GENERATE_INFOPLIST_FILE = YES;
				IPHONEOS_DEPLOYMENT_TARGET = 17.0;
				MARKETING_VERSION = 1.0;
				PRODUCT_BUNDLE_IDENTIFIER = UoA.HealthMonitorTests;
				PRODUCT_NAME = "$(TARGET_NAME)";
				SWIFT_EMIT_LOC_STRINGS = NO;
				SWIFT_VERSION = 5.0;
				TARGETED_DEVICE_FAMILY = "1,2";
				TEST_HOST = "$(BUILT_PRODUCTS_DIR)/HealthMonitor.app/$(BUNDLE_EXECUTABLE_FOLDER_PATH)/HealthMonitor";
			};
			name = Debug;
		};
		761DA3BD2AC1647E00CC32B7 /* Release */ = {
			isa = XCBuildConfiguration;
			buildSettings = {
				ALWAYS_EMBED_SWIFT_STANDARD_LIBRARIES = YES;
				BUNDLE_LOADER = "$(TEST_HOST)";
				CODE_SIGN_STYLE = Automatic;
				CURRENT_PROJECT_VERSION = 1;
				GENERATE_INFOPLIST_FILE = YES;
				IPHONEOS_DEPLOYMENT_TARGET = 17.0;
				MARKETING_VERSION = 1.0;
				PRODUCT_BUNDLE_IDENTIFIER = UoA.HealthMonitorTests;
				PRODUCT_NAME = "$(TARGET_NAME)";
				SWIFT_EMIT_LOC_STRINGS = NO;
				SWIFT_VERSION = 5.0;
				TARGETED_DEVICE_FAMILY = "1,2";
				TEST_HOST = "$(BUILT_PRODUCTS_DIR)/HealthMonitor.app/$(BUNDLE_EXECUTABLE_FOLDER_PATH)/HealthMonitor";
			};
			name = Release;
		};
		761DA3BF2AC1647E00CC32B7 /* Debug */ = {
			isa = XCBuildConfiguration;
			buildSettings = {
				ALWAYS_EMBED_SWIFT_STANDARD_LIBRARIES = YES;
				CODE_SIGN_STYLE = Automatic;
				CURRENT_PROJECT_VERSION = 1;
				GENERATE_INFOPLIST_FILE = YES;
				MARKETING_VERSION = 1.0;
				PRODUCT_BUNDLE_IDENTIFIER = UoA.HealthMonitorUITests;
				PRODUCT_NAME = "$(TARGET_NAME)";
				SWIFT_EMIT_LOC_STRINGS = NO;
				SWIFT_VERSION = 5.0;
				TARGETED_DEVICE_FAMILY = "1,2";
				TEST_TARGET_NAME = HealthMonitor;
			};
			name = Debug;
		};
		761DA3C02AC1647E00CC32B7 /* Release */ = {
			isa = XCBuildConfiguration;
			buildSettings = {
				ALWAYS_EMBED_SWIFT_STANDARD_LIBRARIES = YES;
				CODE_SIGN_STYLE = Automatic;
				CURRENT_PROJECT_VERSION = 1;
				GENERATE_INFOPLIST_FILE = YES;
				MARKETING_VERSION = 1.0;
				PRODUCT_BUNDLE_IDENTIFIER = UoA.HealthMonitorUITests;
				PRODUCT_NAME = "$(TARGET_NAME)";
				SWIFT_EMIT_LOC_STRINGS = NO;
				SWIFT_VERSION = 5.0;
				TARGETED_DEVICE_FAMILY = "1,2";
				TEST_TARGET_NAME = HealthMonitor;
			};
			name = Release;
		};
/* End XCBuildConfiguration section */

/* Begin XCConfigurationList section */
		761DA3862AC1647C00CC32B7 /* Build configuration list for PBXProject "HealthMonitor" */ = {
			isa = XCConfigurationList;
			buildConfigurations = (
				761DA3B62AC1647E00CC32B7 /* Debug */,
				761DA3B72AC1647E00CC32B7 /* Release */,
			);
			defaultConfigurationIsVisible = 0;
			defaultConfigurationName = Release;
		};
		761DA3B82AC1647E00CC32B7 /* Build configuration list for PBXNativeTarget "HealthMonitor" */ = {
			isa = XCConfigurationList;
			buildConfigurations = (
				761DA3B92AC1647E00CC32B7 /* Debug */,
				761DA3BA2AC1647E00CC32B7 /* Release */,
			);
			defaultConfigurationIsVisible = 0;
			defaultConfigurationName = Release;
		};
		761DA3BB2AC1647E00CC32B7 /* Build configuration list for PBXNativeTarget "HealthMonitorTests" */ = {
			isa = XCConfigurationList;
			buildConfigurations = (
				761DA3BC2AC1647E00CC32B7 /* Debug */,
				761DA3BD2AC1647E00CC32B7 /* Release */,
			);
			defaultConfigurationIsVisible = 0;
			defaultConfigurationName = Release;
		};
		761DA3BE2AC1647E00CC32B7 /* Build configuration list for PBXNativeTarget "HealthMonitorUITests" */ = {
			isa = XCConfigurationList;
			buildConfigurations = (
				761DA3BF2AC1647E00CC32B7 /* Debug */,
				761DA3C02AC1647E00CC32B7 /* Release */,
			);
			defaultConfigurationIsVisible = 0;
			defaultConfigurationName = Release;
		};
/* End XCConfigurationList section */

/* Begin XCVersionGroup section */
		761DA3972AC1647C00CC32B7 /* HealthMonitor.xcdatamodeld */ = {
			isa = XCVersionGroup;
			children = (
				761DA3982AC1647C00CC32B7 /* HealthMonitor.xcdatamodel */,
			);
			currentVersion = 761DA3982AC1647C00CC32B7 /* HealthMonitor.xcdatamodel */;
			path = HealthMonitor.xcdatamodeld;
			sourceTree = "<group>";
			versionGroupType = wrapper.xcdatamodel;
		};
/* End XCVersionGroup section */
	};
	rootObject = 761DA3832AC1647C00CC32B7 /* Project object */;
}
